
Microsoft Visual Studio Solution File, Format Version 12.00
# Visual Studio 15
VisualStudioVersion = 15.0.28307.329
MinimumVisualStudioVersion = 10.0.40219.1
Project("{FAE04EC0-301F-11D3-BF4B-00C04F79EFBC}") = "server", "server\server.csproj", "{AFA00B35-BB5C-48F4-9234-61E6C4018A1D}"
EndProject
Global
	GlobalSection(SolutionConfigurationPlatforms) = preSolution
		Debug|Any CPU = Debug|Any CPU
		Release|Any CPU = Release|Any CPU
	EndGlobalSection
	GlobalSection(ProjectConfigurationPlatforms) = postSolution
		{AFA00B35-BB5C-48F4-9234-61E6C4018A1D}.Debug|Any CPU.ActiveCfg = Debug|Any CPU
		{AFA00B35-BB5C-48F4-9234-61E6C4018A1D}.Debug|Any CPU.Build.0 = Debug|Any CPU
		{AFA00B35-BB5C-48F4-9234-61E6C4018A1D}.Release|Any CPU.ActiveCfg = Release|Any CPU
		{AFA00B35-BB5C-48F4-9234-61E6C4018A1D}.Release|Any CPU.Build.0 = Release|Any CPU
	EndGlobalSection
	GlobalSection(SolutionProperties) = preSolution
		HideSolutionNode = FALSE
	EndGlobalSection
	GlobalSection(ExtensibilityGlobals) = postSolution
		SolutionGuid = {A74C800D-C3D4-4800-8AD0-3117C9F0FDF2}
	EndGlobalSection
EndGlobal
